
Microsoft Visual Studio Solution File, Format Version 12.00
# Visual Studio Version 16
VisualStudioVersion = 16.0.29306.81
MinimumVisualStudioVersion = 10.0.40219.1
Project("{8BC9CEB8-8B4A-11D0-8D11-00A0C91BC942}") = "MathFuncsLib", "MathFuncsLib\MathFuncsLib.vcxproj", "{CB40992C-4BB8-4F10-8B54-4856FDA0B5E4}"
EndProject
Project("{8BC9CEB8-8B4A-11D0-8D11-00A0C91BC942}") = "MyExecRefsLib", "MyExecRefsLib\MyExecRefsLib.vcxproj", "{FE176774-CF9E-45A6-9FBF-BD35CDF5E876}"
EndProject
Global
	GlobalSection(SolutionConfigurationPlatforms) = preSolution
		Debug|x64 = Debug|x64
		Debug|x86 = Debug|x86
		Release|x64 = Release|x64
		Release|x86 = Release|x86
	EndGlobalSection
	GlobalSection(ProjectConfigurationPlatforms) = postSolution
		{CB40992C-4BB8-4F10-8B54-4856FDA0B5E4}.Debug|x64.ActiveCfg = Debug|x64
		{CB40992C-4BB8-4F10-8B54-4856FDA0B5E4}.Debug|x64.Build.0 = Debug|x64
		{CB40992C-4BB8-4F10-8B54-4856FDA0B5E4}.Debug|x86.ActiveCfg = Debug|Win32
		{CB40992C-4BB8-4F10-8B54-4856FDA0B5E4}.Debug|x86.Build.0 = Debug|Win32
		{CB40992C-4BB8-4F10-8B54-4856FDA0B5E4}.Release|x64.ActiveCfg = Release|x64
		{CB40992C-4BB8-4F10-8B54-4856FDA0B5E4}.Release|x64.Build.0 = Release|x64
		{CB40992C-4BB8-4F10-8B54-4856FDA0B5E4}.Release|x86.ActiveCfg = Release|Win32
		{CB40992C-4BB8-4F10-8B54-4856FDA0B5E4}.Release|x86.Build.0 = Release|Win32
		{FE176774-CF9E-45A6-9FBF-BD35CDF5E876}.Debug|x64.ActiveCfg = Debug|x64
		{FE176774-CF9E-45A6-9FBF-BD35CDF5E876}.Debug|x64.Build.0 = Debug|x64
		{FE176774-CF9E-45A6-9FBF-BD35CDF5E876}.Debug|x86.ActiveCfg = Debug|Win32
		{FE176774-CF9E-45A6-9FBF-BD35CDF5E876}.Debug|x86.Build.0 = Debug|Win32
		{FE176774-CF9E-45A6-9FBF-BD35CDF5E876}.Release|x64.ActiveCfg = Release|x64
		{FE176774-CF9E-45A6-9FBF-BD35CDF5E876}.Release|x64.Build.0 = Release|x64
		{FE176774-CF9E-45A6-9FBF-BD35CDF5E876}.Release|x86.ActiveCfg = Release|Win32
		{FE176774-CF9E-45A6-9FBF-BD35CDF5E876}.Release|x86.Build.0 = Release|Win32
	EndGlobalSection
	GlobalSection(SolutionProperties) = preSolution
		HideSolutionNode = FALSE
	EndGlobalSection
	GlobalSection(ExtensibilityGlobals) = postSolution
		SolutionGuid = {8F0641A7-91AB-48EA-9659-9D8A62ABE67A}
	EndGlobalSection
EndGlobal
